
Microsoft Visual Studio Solution File, Format Version 12.00
# Visual Studio 15
VisualStudioVersion = 15.0.28307.1500
MinimumVisualStudioVersion = 10.0.40219.1
Project("{FAE04EC0-301F-11D3-BF4B-00C04F79EFBC}") = "Uri_1046", "Uri_1046\Uri_1046.csproj", "{A6FE9BC6-82E9-422B-A33F-BDF7C4F2503D}"
EndProject
Global
	GlobalSection(SolutionConfigurationPlatforms) = preSolution
		Debug|Any CPU = Debug|Any CPU
		Release|Any CPU = Release|Any CPU
	EndGlobalSection
	GlobalSection(ProjectConfigurationPlatforms) = postSolution
		{A6FE9BC6-82E9-422B-A33F-BDF7C4F2503D}.Debug|Any CPU.ActiveCfg = Debug|Any CPU
		{A6FE9BC6-82E9-422B-A33F-BDF7C4F2503D}.Debug|Any CPU.Build.0 = Debug|Any CPU
		{A6FE9BC6-82E9-422B-A33F-BDF7C4F2503D}.Release|Any CPU.ActiveCfg = Release|Any CPU
		{A6FE9BC6-82E9-422B-A33F-BDF7C4F2503D}.Release|Any CPU.Build.0 = Release|Any CPU
	EndGlobalSection
	GlobalSection(SolutionProperties) = preSolution
		HideSolutionNode = FALSE
	EndGlobalSection
	GlobalSection(ExtensibilityGlobals) = postSolution
		SolutionGuid = {30754712-C41D-496C-8D6A-7292929D3065}
	EndGlobalSection
EndGlobal
